
Microsoft Visual Studio Solution File, Format Version 12.00
Project("{FAE04EC0-301F-11D3-BF4B-00C04F79EFBC}") = "S13MauricioCV.ReportData", "S13MauricioCV.ReportData\S13MauricioCV.ReportData.csproj", "{C77E6A8B-4701-4732-824E-F2B25ABEDE27}"
EndProject
Project("{FAE04EC0-301F-11D3-BF4B-00C04F79EFBC}") = "Domain", "Domain\Domain.csproj", "{6F9EB755-A9E5-48E2-BFBE-C3D396B1378D}"
EndProject
Project("{FAE04EC0-301F-11D3-BF4B-00C04F79EFBC}") = "Infraestructure", "Infraestructure\Infraestructure.csproj", "{E5E78068-BC56-40CD-93F6-F03FB148A30D}"
EndProject
Project("{FAE04EC0-301F-11D3-BF4B-00C04F79EFBC}") = "Application", "Application\Application.csproj", "{2250C49E-FB48-4C93-8D64-AB55D795F0E9}"
EndProject
Global
	GlobalSection(SolutionConfigurationPlatforms) = preSolution
		Debug|Any CPU = Debug|Any CPU
		Release|Any CPU = Release|Any CPU
	EndGlobalSection
	GlobalSection(ProjectConfigurationPlatforms) = postSolution
		{C77E6A8B-4701-4732-824E-F2B25ABEDE27}.Debug|Any CPU.ActiveCfg = Debug|Any CPU
		{C77E6A8B-4701-4732-824E-F2B25ABEDE27}.Debug|Any CPU.Build.0 = Debug|Any CPU
		{C77E6A8B-4701-4732-824E-F2B25ABEDE27}.Release|Any CPU.ActiveCfg = Release|Any CPU
		{C77E6A8B-4701-4732-824E-F2B25ABEDE27}.Release|Any CPU.Build.0 = Release|Any CPU
		{6F9EB755-A9E5-48E2-BFBE-C3D396B1378D}.Debug|Any CPU.ActiveCfg = Debug|Any CPU
		{6F9EB755-A9E5-48E2-BFBE-C3D396B1378D}.Debug|Any CPU.Build.0 = Debug|Any CPU
		{6F9EB755-A9E5-48E2-BFBE-C3D396B1378D}.Release|Any CPU.ActiveCfg = Release|Any CPU
		{6F9EB755-A9E5-48E2-BFBE-C3D396B1378D}.Release|Any CPU.Build.0 = Release|Any CPU
		{E5E78068-BC56-40CD-93F6-F03FB148A30D}.Debug|Any CPU.ActiveCfg = Debug|Any CPU
		{E5E78068-BC56-40CD-93F6-F03FB148A30D}.Debug|Any CPU.Build.0 = Debug|Any CPU
		{E5E78068-BC56-40CD-93F6-F03FB148A30D}.Release|Any CPU.ActiveCfg = Release|Any CPU
		{E5E78068-BC56-40CD-93F6-F03FB148A30D}.Release|Any CPU.Build.0 = Release|Any CPU
		{2250C49E-FB48-4C93-8D64-AB55D795F0E9}.Debug|Any CPU.ActiveCfg = Debug|Any CPU
		{2250C49E-FB48-4C93-8D64-AB55D795F0E9}.Debug|Any CPU.Build.0 = Debug|Any CPU
		{2250C49E-FB48-4C93-8D64-AB55D795F0E9}.Release|Any CPU.ActiveCfg = Release|Any CPU
		{2250C49E-FB48-4C93-8D64-AB55D795F0E9}.Release|Any CPU.Build.0 = Release|Any CPU
	EndGlobalSection
EndGlobal
